
Microsoft Visual Studio Solution File, Format Version 12.00
# Visual Studio 15
VisualStudioVersion = 15.0.27130.2010
MinimumVisualStudioVersion = 10.0.40219.1
Project("{9A19103F-16F7-4668-BE54-9A1E7A4F7556}") = "ESFA.DC.ServiceFabric.Helpers", "ESFA.DC.ServiceFabric.Helpers\ESFA.DC.ServiceFabric.Helpers.csproj", "{4E55D486-67D5-4C1F-A740-B5C025D82EEA}"
EndProject
Project("{9A19103F-16F7-4668-BE54-9A1E7A4F7556}") = "ESFA.DC.ServiceFabric.Helpers.Interface", "ESFA.DC.ServiceFabric.Helpers.Interface\ESFA.DC.ServiceFabric.Helpers.Interface.csproj", "{7B900DE5-3208-471F-A8C2-A1488CB73504}"
EndProject
Global
	GlobalSection(SolutionConfigurationPlatforms) = preSolution
		Debug|Any CPU = Debug|Any CPU
		Release|Any CPU = Release|Any CPU
	EndGlobalSection
	GlobalSection(ProjectConfigurationPlatforms) = postSolution
		{4E55D486-67D5-4C1F-A740-B5C025D82EEA}.Debug|Any CPU.ActiveCfg = Debug|Any CPU
		{4E55D486-67D5-4C1F-A740-B5C025D82EEA}.Debug|Any CPU.Build.0 = Debug|Any CPU
		{4E55D486-67D5-4C1F-A740-B5C025D82EEA}.Release|Any CPU.ActiveCfg = Release|x64
		{4E55D486-67D5-4C1F-A740-B5C025D82EEA}.Release|Any CPU.Build.0 = Release|x64
		{7B900DE5-3208-471F-A8C2-A1488CB73504}.Debug|Any CPU.ActiveCfg = Debug|Any CPU
		{7B900DE5-3208-471F-A8C2-A1488CB73504}.Debug|Any CPU.Build.0 = Debug|Any CPU
		{7B900DE5-3208-471F-A8C2-A1488CB73504}.Release|Any CPU.ActiveCfg = Release|x64
		{7B900DE5-3208-471F-A8C2-A1488CB73504}.Release|Any CPU.Build.0 = Release|x64
	EndGlobalSection
	GlobalSection(SolutionProperties) = preSolution
		HideSolutionNode = FALSE
	EndGlobalSection
	GlobalSection(ExtensibilityGlobals) = postSolution
		SolutionGuid = {F246B06E-2D6E-4E81-B63F-31B52B258493}
	EndGlobalSection
EndGlobal
